// !$*UTF8*$!
{
	archiveVersion = 1;
	classes = {
	};
	objectVersion = 56;
	objects = {

/* Begin PBXBuildFile section */
		4F590FC92A09109600136445 /* Stay_FreshApp.swift in Sources */ = {isa = PBXBuildFile; fileRef = 4F590FC82A09109600136445 /* Stay_FreshApp.swift */; };
		4F590FD02A09109600136445 /* Preview Assets.xcassets in Resources */ = {isa = PBXBuildFile; fileRef = 4F590FCF2A09109600136445 /* Preview Assets.xcassets */; };
		4F590FE62A09109600136445 /* Stay_FreshUITestsLaunchTests.swift in Sources */ = {isa = PBXBuildFile; fileRef = 4F590FE52A09109600136445 /* Stay_FreshUITestsLaunchTests.swift */; };
		4F590FF32A09110F00136445 /* AppDelegates.swift in Sources */ = {isa = PBXBuildFile; fileRef = 4F590FF22A09110F00136445 /* AppDelegates.swift */; };
		4F590FF82A0911A800136445 /* SceneDelegates.swift in Sources */ = {isa = PBXBuildFile; fileRef = 4F590FF72A0911A800136445 /* SceneDelegates.swift */; };
		4F5910032A09130E00136445 /* Re_funcs.swift in Sources */ = {isa = PBXBuildFile; fileRef = 4F5910022A09130E00136445 /* Re_funcs.swift */; };
		4F5910052A09132600136445 /* Re_saved.swift in Sources */ = {isa = PBXBuildFile; fileRef = 4F5910042A09132600136445 /* Re_saved.swift */; };
		4F5910072A09135000136445 /* Re_referense.swift in Sources */ = {isa = PBXBuildFile; fileRef = 4F5910062A09135000136445 /* Re_referense.swift */; };
		4F5910092A09137700136445 /* Pr_funcs.swift in Sources */ = {isa = PBXBuildFile; fileRef = 4F5910082A09137700136445 /* Pr_funcs.swift */; };
		4F59100B2A09139900136445 /* Pr_saved.swift in Sources */ = {isa = PBXBuildFile; fileRef = 4F59100A2A09139900136445 /* Pr_saved.swift */; };
		4F59100D2A0913D600136445 /* Pr_for_users.swift in Sources */ = {isa = PBXBuildFile; fileRef = 4F59100C2A0913D600136445 /* Pr_for_users.swift */; };
		4F5910122A09141300136445 /* Pr_track.swift in Sources */ = {isa = PBXBuildFile; fileRef = 4F5910112A09141300136445 /* Pr_track.swift */; };
		4F5910142A09142800136445 /* Pr_helpers.swift in Sources */ = {isa = PBXBuildFile; fileRef = 4F5910132A09142800136445 /* Pr_helpers.swift */; };
		4F5910162A09146E00136445 /* Us_funcs.swift in Sources */ = {isa = PBXBuildFile; fileRef = 4F5910152A09146E00136445 /* Us_funcs.swift */; };
		4F5910182A09148100136445 /* Us_controlls.swift in Sources */ = {isa = PBXBuildFile; fileRef = 4F5910172A09148100136445 /* Us_controlls.swift */; };
		4F59101D2A09154900136445 /* RecipesViewController.swift in Sources */ = {isa = PBXBuildFile; fileRef = 4F59101C2A09154900136445 /* RecipesViewController.swift */; };
		4F59101F2A09156E00136445 /* RecipesTableViewSell.swift in Sources */ = {isa = PBXBuildFile; fileRef = 4F59101E2A09156E00136445 /* RecipesTableViewSell.swift */; };
		4F5910212A09158400136445 /* AddRecipeViewController.swift in Sources */ = {isa = PBXBuildFile; fileRef = 4F5910202A09158400136445 /* AddRecipeViewController.swift */; };
		4F5910232A09159E00136445 /* FridgeViewController.swift in Sources */ = {isa = PBXBuildFile; fileRef = 4F5910222A09159E00136445 /* FridgeViewController.swift */; };
		4F5910252A0915BA00136445 /* ProductTableViewCell.swift in Sources */ = {isa = PBXBuildFile; fileRef = 4F5910242A0915BA00136445 /* ProductTableViewCell.swift */; };
		4F5910272A0915D900136445 /* LoginViewController.swift in Sources */ = {isa = PBXBuildFile; fileRef = 4F5910262A0915D900136445 /* LoginViewController.swift */; };
		4F5910292A0915FB00136445 /* SignInViewController.swift in Sources */ = {isa = PBXBuildFile; fileRef = 4F5910282A0915FB00136445 /* SignInViewController.swift */; };
		4F59102B2A09161D00136445 /* LocalStorage.swift in Sources */ = {isa = PBXBuildFile; fileRef = 4F59102A2A09161D00136445 /* LocalStorage.swift */; };
		4F5910312A0919B200136445 /* Asserts.xcassets in Resources */ = {isa = PBXBuildFile; fileRef = 4F5910302A0919B200136445 /* Asserts.xcassets */; };
/* End PBXBuildFile section */

/* Begin PBXContainerItemProxy section */
		4F590FD62A09109600136445 /* PBXContainerItemProxy */ = {
			isa = PBXContainerItemProxy;
			containerPortal = 4F590FBD2A09109600136445 /* Project object */;
			proxyType = 1;
			remoteGlobalIDString = 4F590FC42A09109600136445;
			remoteInfo = "Stay Fresh";
		};
		4F590FE02A09109600136445 /* PBXContainerItemProxy */ = {
			isa = PBXContainerItemProxy;
			containerPortal = 4F590FBD2A09109600136445 /* Project object */;
			proxyType = 1;
			remoteGlobalIDString = 4F590FC42A09109600136445;
			remoteInfo = "Stay Fresh";
		};
/* End PBXContainerItemProxy section */

/* Begin PBXFileReference section */
		4F590FC52A09109600136445 /* Stay Fresh.app */ = {isa = PBXFileReference; explicitFileType = wrapper.application; includeInIndex = 0; path = "Stay Fresh.app"; sourceTree = BUILT_PRODUCTS_DIR; };
		4F590FC82A09109600136445 /* Stay_FreshApp.swift */ = {isa = PBXFileReference; lastKnownFileType = sourcecode.swift; path = Stay_FreshApp.swift; sourceTree = "<group>"; };
		4F590FCF2A09109600136445 /* Preview Assets.xcassets */ = {isa = PBXFileReference; lastKnownFileType = folder.assetcatalog; path = "Preview Assets.xcassets"; sourceTree = "<group>"; };
		4F590FD52A09109600136445 /* Stay FreshTests.xctest */ = {isa = PBXFileReference; explicitFileType = wrapper.cfbundle; includeInIndex = 0; path = "Stay FreshTests.xctest"; sourceTree = BUILT_PRODUCTS_DIR; };
		4F590FDF2A09109600136445 /* Stay FreshUITests.xctest */ = {isa = PBXFileReference; explicitFileType = wrapper.cfbundle; includeInIndex = 0; path = "Stay FreshUITests.xctest"; sourceTree = BUILT_PRODUCTS_DIR; };
		4F590FE52A09109600136445 /* Stay_FreshUITestsLaunchTests.swift */ = {isa = PBXFileReference; lastKnownFileType = sourcecode.swift; path = Stay_FreshUITestsLaunchTests.swift; sourceTree = "<group>"; };
		4F590FF22A09110F00136445 /* AppDelegates.swift */ = {isa = PBXFileReference; lastKnownFileType = sourcecode.swift; path = AppDelegates.swift; sourceTree = "<group>"; };
		4F590FF72A0911A800136445 /* SceneDelegates.swift */ = {isa = PBXFileReference; lastKnownFileType = sourcecode.swift; path = SceneDelegates.swift; sourceTree = "<group>"; };
		4F5910022A09130E00136445 /* Re_funcs.swift */ = {isa = PBXFileReference; lastKnownFileType = sourcecode.swift; path = Re_funcs.swift; sourceTree = "<group>"; };
		4F5910042A09132600136445 /* Re_saved.swift */ = {isa = PBXFileReference; lastKnownFileType = sourcecode.swift; path = Re_saved.swift; sourceTree = "<group>"; };
		4F5910062A09135000136445 /* Re_referense.swift */ = {isa = PBXFileReference; lastKnownFileType = sourcecode.swift; path = Re_referense.swift; sourceTree = "<group>"; };
		4F5910082A09137700136445 /* Pr_funcs.swift */ = {isa = PBXFileReference; lastKnownFileType = sourcecode.swift; path = Pr_funcs.swift; sourceTree = "<group>"; };
		4F59100A2A09139900136445 /* Pr_saved.swift */ = {isa = PBXFileReference; lastKnownFileType = sourcecode.swift; path = Pr_saved.swift; sourceTree = "<group>"; };
		4F59100C2A0913D600136445 /* Pr_for_users.swift */ = {isa = PBXFileReference; lastKnownFileType = sourcecode.swift; path = Pr_for_users.swift; sourceTree = "<group>"; };
		4F5910112A09141300136445 /* Pr_track.swift */ = {isa = PBXFileReference; lastKnownFileType = sourcecode.swift; path = Pr_track.swift; sourceTree = "<group>"; };
		4F5910132A09142800136445 /* Pr_helpers.swift */ = {isa = PBXFileReference; lastKnownFileType = sourcecode.swift; path = Pr_helpers.swift; sourceTree = "<group>"; };
		4F5910152A09146E00136445 /* Us_funcs.swift */ = {isa = PBXFileReference; lastKnownFileType = sourcecode.swift; path = Us_funcs.swift; sourceTree = "<group>"; };
		4F5910172A09148100136445 /* Us_controlls.swift */ = {isa = PBXFileReference; lastKnownFileType = sourcecode.swift; path = Us_controlls.swift; sourceTree = "<group>"; };
		4F59101C2A09154900136445 /* RecipesViewController.swift */ = {isa = PBXFileReference; lastKnownFileType = sourcecode.swift; path = RecipesViewController.swift; sourceTree = "<group>"; };
		4F59101E2A09156E00136445 /* RecipesTableViewSell.swift */ = {isa = PBXFileReference; lastKnownFileType = sourcecode.swift; path = RecipesTableViewSell.swift; sourceTree = "<group>"; };
		4F5910202A09158400136445 /* AddRecipeViewController.swift */ = {isa = PBXFileReference; lastKnownFileType = sourcecode.swift; path = AddRecipeViewController.swift; sourceTree = "<group>"; };
		4F5910222A09159E00136445 /* FridgeViewController.swift */ = {isa = PBXFileReference; lastKnownFileType = sourcecode.swift; path = FridgeViewController.swift; sourceTree = "<group>"; };
		4F5910242A0915BA00136445 /* ProductTableViewCell.swift */ = {isa = PBXFileReference; lastKnownFileType = sourcecode.swift; path = ProductTableViewCell.swift; sourceTree = "<group>"; };
		4F5910262A0915D900136445 /* LoginViewController.swift */ = {isa = PBXFileReference; lastKnownFileType = sourcecode.swift; path = LoginViewController.swift; sourceTree = "<group>"; };
		4F5910282A0915FB00136445 /* SignInViewController.swift */ = {isa = PBXFileReference; lastKnownFileType = sourcecode.swift; path = SignInViewController.swift; sourceTree = "<group>"; };
		4F59102A2A09161D00136445 /* LocalStorage.swift */ = {isa = PBXFileReference; lastKnownFileType = sourcecode.swift; path = LocalStorage.swift; sourceTree = "<group>"; };
		4F5910302A0919B200136445 /* Asserts.xcassets */ = {isa = PBXFileReference; lastKnownFileType = folder.assetcatalog; path = Asserts.xcassets; sourceTree = "<group>"; };
/* End PBXFileReference section */

/* Begin PBXFrameworksBuildPhase section */
		4F590FC22A09109600136445 /* Frameworks */ = {
			isa = PBXFrameworksBuildPhase;
			buildActionMask = 2147483647;
			files = (
			);
			runOnlyForDeploymentPostprocessing = 0;
		};
		4F590FD22A09109600136445 /* Frameworks */ = {
			isa = PBXFrameworksBuildPhase;
			buildActionMask = 2147483647;
			files = (
			);
			runOnlyForDeploymentPostprocessing = 0;
		};
		4F590FDC2A09109600136445 /* Frameworks */ = {
			isa = PBXFrameworksBuildPhase;
			buildActionMask = 2147483647;
			files = (
			);
			runOnlyForDeploymentPostprocessing = 0;
		};
/* End PBXFrameworksBuildPhase section */

/* Begin PBXGroup section */
		4F590FBC2A09109600136445 = {
			isa = PBXGroup;
			children = (
				4F590FC72A09109600136445 /* Stay Fresh */,
				4F590FF42A09112C00136445 /* Models */,
				4F590FF52A09113A00136445 /* Controllers */,
				4F590FE22A09109600136445 /* Stay FreshUITests */,
				4F590FF62A09114A00136445 /* Helpers */,
				4F590FC62A09109600136445 /* Products */,
			);
			sourceTree = "<group>";
		};
		4F590FC62A09109600136445 /* Products */ = {
			isa = PBXGroup;
			children = (
				4F590FC52A09109600136445 /* Stay Fresh.app */,
				4F590FD52A09109600136445 /* Stay FreshTests.xctest */,
				4F590FDF2A09109600136445 /* Stay FreshUITests.xctest */,
			);
			name = Products;
			sourceTree = "<group>";
		};
		4F590FC72A09109600136445 /* Stay Fresh */ = {
			isa = PBXGroup;
			children = (
				4F59102E2A0918D100136445 /* Resources */,
				4F59102F2A09191700136445 /* Supporting Files */,
				4F590FCE2A09109600136445 /* Preview Content */,
			);
			path = "Stay Fresh";
			sourceTree = "<group>";
		};
		4F590FCE2A09109600136445 /* Preview Content */ = {
			isa = PBXGroup;
			children = (
				4F590FCF2A09109600136445 /* Preview Assets.xcassets */,
			);
			path = "Preview Content";
			sourceTree = "<group>";
		};
		4F590FE22A09109600136445 /* Stay FreshUITests */ = {
			isa = PBXGroup;
			children = (
				4F590FE52A09109600136445 /* Stay_FreshUITestsLaunchTests.swift */,
			);
			path = "Stay FreshUITests";
			sourceTree = "<group>";
		};
		4F590FF42A09112C00136445 /* Models */ = {
			isa = PBXGroup;
			children = (
				4F5910012A0912E400136445 /* Recipes */,
				4F5910002A0912D900136445 /* Product */,
				4F590FFF2A0912CF00136445 /* User */,
			);
			path = Models;
			sourceTree = "<group>";
		};
		4F590FF52A09113A00136445 /* Controllers */ = {
			isa = PBXGroup;
			children = (
				4F59101B2A09149D00136445 /* Recipes */,
				4F59101A2A09149500136445 /* Fridge */,
				4F5910192A09148E00136445 /* Auth */,
			);
			path = Controllers;
			sourceTree = "<group>";
		};
		4F590FF62A09114A00136445 /* Helpers */ = {
			isa = PBXGroup;
			children = (
				4F59102A2A09161D00136445 /* LocalStorage.swift */,
			);
			path = Helpers;
			sourceTree = "<group>";
		};
		4F590FFF2A0912CF00136445 /* User */ = {
			isa = PBXGroup;
			children = (
				4F5910152A09146E00136445 /* Us_funcs.swift */,
				4F5910172A09148100136445 /* Us_controlls.swift */,
			);
			path = User;
			sourceTree = "<group>";
		};
		4F5910002A0912D900136445 /* Product */ = {
			isa = PBXGroup;
			children = (
				4F5910082A09137700136445 /* Pr_funcs.swift */,
				4F59100A2A09139900136445 /* Pr_saved.swift */,
				4F59100C2A0913D600136445 /* Pr_for_users.swift */,
				4F59100E2A0913E000136445 /* Dates */,
			);
			path = Product;
			sourceTree = "<group>";
		};
		4F5910012A0912E400136445 /* Recipes */ = {
			isa = PBXGroup;
			children = (
				4F5910022A09130E00136445 /* Re_funcs.swift */,
				4F5910042A09132600136445 /* Re_saved.swift */,
				4F5910062A09135000136445 /* Re_referense.swift */,
			);
			path = Recipes;
			sourceTree = "<group>";
		};
		4F59100E2A0913E000136445 /* Dates */ = {
			isa = PBXGroup;
			children = (
				4F5910112A09141300136445 /* Pr_track.swift */,
				4F5910132A09142800136445 /* Pr_helpers.swift */,
			);
			path = Dates;
			sourceTree = "<group>";
		};
		4F5910192A09148E00136445 /* Auth */ = {
			isa = PBXGroup;
			children = (
				4F5910262A0915D900136445 /* LoginViewController.swift */,
				4F5910282A0915FB00136445 /* SignInViewController.swift */,
			);
			path = Auth;
			sourceTree = "<group>";
		};
		4F59101A2A09149500136445 /* Fridge */ = {
			isa = PBXGroup;
			children = (
				4F5910222A09159E00136445 /* FridgeViewController.swift */,
				4F5910242A0915BA00136445 /* ProductTableViewCell.swift */,
			);
			path = Fridge;
			sourceTree = "<group>";
		};
		4F59101B2A09149D00136445 /* Recipes */ = {
			isa = PBXGroup;
			children = (
				4F59101C2A09154900136445 /* RecipesViewController.swift */,
				4F59101E2A09156E00136445 /* RecipesTableViewSell.swift */,
				4F5910202A09158400136445 /* AddRecipeViewController.swift */,
			);
			path = Recipes;
			sourceTree = "<group>";
		};
		4F59102E2A0918D100136445 /* Resources */ = {
			isa = PBXGroup;
			children = (
				4F590FF72A0911A800136445 /* SceneDelegates.swift */,
				4F590FF22A09110F00136445 /* AppDelegates.swift */,
				4F590FC82A09109600136445 /* Stay_FreshApp.swift */,
			);
			path = Resources;
			sourceTree = "<group>";
		};
		4F59102F2A09191700136445 /* Supporting Files */ = {
			isa = PBXGroup;
			children = (
				4F5910302A0919B200136445 /* Asserts.xcassets */,
			);
			path = "Supporting Files";
			sourceTree = "<group>";
		};
/* End PBXGroup section */

/* Begin PBXNativeTarget section */
		4F590FC42A09109600136445 /* Stay Fresh */ = {
			isa = PBXNativeTarget;
			buildConfigurationList = 4F590FE92A09109600136445 /* Build configuration list for PBXNativeTarget "Stay Fresh" */;
			buildPhases = (
				4F590FC12A09109600136445 /* Sources */,
				4F590FC22A09109600136445 /* Frameworks */,
				4F590FC32A09109600136445 /* Resources */,
			);
			buildRules = (
			);
			dependencies = (
			);
			name = "Stay Fresh";
			productName = "Stay Fresh";
			productReference = 4F590FC52A09109600136445 /* Stay Fresh.app */;
			productType = "com.apple.product-type.application";
		};
		4F590FD42A09109600136445 /* Stay FreshTests */ = {
			isa = PBXNativeTarget;
			buildConfigurationList = 4F590FEC2A09109600136445 /* Build configuration list for PBXNativeTarget "Stay FreshTests" */;
			buildPhases = (
				4F590FD12A09109600136445 /* Sources */,
				4F590FD22A09109600136445 /* Frameworks */,
				4F590FD32A09109600136445 /* Resources */,
			);
			buildRules = (
			);
			dependencies = (
				4F590FD72A09109600136445 /* PBXTargetDependency */,
			);
			name = "Stay FreshTests";
			productName = "Stay FreshTests";
			productReference = 4F590FD52A09109600136445 /* Stay FreshTests.xctest */;
			productType = "com.apple.product-type.bundle.unit-test";
		};
		4F590FDE2A09109600136445 /* Stay FreshUITests */ = {
			isa = PBXNativeTarget;
			buildConfigurationList = 4F590FEF2A09109600136445 /* Build configuration list for PBXNativeTarget "Stay FreshUITests" */;
			buildPhases = (
				4F590FDB2A09109600136445 /* Sources */,
				4F590FDC2A09109600136445 /* Frameworks */,
				4F590FDD2A09109600136445 /* Resources */,
			);
			buildRules = (
			);
			dependencies = (
				4F590FE12A09109600136445 /* PBXTargetDependency */,
			);
			name = "Stay FreshUITests";
			productName = "Stay FreshUITests";
			productReference = 4F590FDF2A09109600136445 /* Stay FreshUITests.xctest */;
			productType = "com.apple.product-type.bundle.ui-testing";
		};
/* End PBXNativeTarget section */

/* Begin PBXProject section */
		4F590FBD2A09109600136445 /* Project object */ = {
			isa = PBXProject;
			attributes = {
				BuildIndependentTargetsInParallel = 1;
				LastSwiftUpdateCheck = 1430;
				LastUpgradeCheck = 1430;
				TargetAttributes = {
					4F590FC42A09109600136445 = {
						CreatedOnToolsVersion = 14.3;
					};
					4F590FD42A09109600136445 = {
						CreatedOnToolsVersion = 14.3;
						TestTargetID = 4F590FC42A09109600136445;
					};
					4F590FDE2A09109600136445 = {
						CreatedOnToolsVersion = 14.3;
						TestTargetID = 4F590FC42A09109600136445;
					};
				};
			};
			buildConfigurationList = 4F590FC02A09109600136445 /* Build configuration list for PBXProject "Stay Fresh" */;
			compatibilityVersion = "Xcode 14.0";
			developmentRegion = en;
			hasScannedForEncodings = 0;
			knownRegions = (
				en,
				Base,
			);
			mainGroup = 4F590FBC2A09109600136445;
			productRefGroup = 4F590FC62A09109600136445 /* Products */;
			projectDirPath = "";
			projectRoot = "";
			targets = (
				4F590FC42A09109600136445 /* Stay Fresh */,
				4F590FD42A09109600136445 /* Stay FreshTests */,
				4F590FDE2A09109600136445 /* Stay FreshUITests */,
			);
		};
/* End PBXProject section */

/* Begin PBXResourcesBuildPhase section */
		4F590FC32A09109600136445 /* Resources */ = {
			isa = PBXResourcesBuildPhase;
			buildActionMask = 2147483647;
			files = (
				4F590FD02A09109600136445 /* Preview Assets.xcassets in Resources */,
				4F5910312A0919B200136445 /* Asserts.xcassets in Resources */,
			);
			runOnlyForDeploymentPostprocessing = 0;
		};
		4F590FD32A09109600136445 /* Resources */ = {
			isa = PBXResourcesBuildPhase;
			buildActionMask = 2147483647;
			files = (
			);
			runOnlyForDeploymentPostprocessing = 0;
		};
		4F590FDD2A09109600136445 /* Resources */ = {
			isa = PBXResourcesBuildPhase;
			buildActionMask = 2147483647;
			files = (
			);
			runOnlyForDeploymentPostprocessing = 0;
		};
/* End PBXResourcesBuildPhase section */

/* Begin PBXSourcesBuildPhase section */
		4F590FC12A09109600136445 /* Sources */ = {
			isa = PBXSourcesBuildPhase;
			buildActionMask = 2147483647;
			files = (
				4F5910142A09142800136445 /* Pr_helpers.swift in Sources */,
				4F59101F2A09156E00136445 /* RecipesTableViewSell.swift in Sources */,
				4F5910092A09137700136445 /* Pr_funcs.swift in Sources */,
				4F590FC92A09109600136445 /* Stay_FreshApp.swift in Sources */,
				4F5910272A0915D900136445 /* LoginViewController.swift in Sources */,
				4F5910182A09148100136445 /* Us_controlls.swift in Sources */,
				4F590FF32A09110F00136445 /* AppDelegates.swift in Sources */,
				4F5910052A09132600136445 /* Re_saved.swift in Sources */,
				4F5910292A0915FB00136445 /* SignInViewController.swift in Sources */,
				4F5910232A09159E00136445 /* FridgeViewController.swift in Sources */,
				4F59100D2A0913D600136445 /* Pr_for_users.swift in Sources */,
				4F5910212A09158400136445 /* AddRecipeViewController.swift in Sources */,
				4F59102B2A09161D00136445 /* LocalStorage.swift in Sources */,
				4F5910122A09141300136445 /* Pr_track.swift in Sources */,
				4F5910252A0915BA00136445 /* ProductTableViewCell.swift in Sources */,
				4F59101D2A09154900136445 /* RecipesViewController.swift in Sources */,
				4F5910162A09146E00136445 /* Us_funcs.swift in Sources */,
				4F5910032A09130E00136445 /* Re_funcs.swift in Sources */,
				4F59100B2A09139900136445 /* Pr_saved.swift in Sources */,
				4F5910072A09135000136445 /* Re_referense.swift in Sources */,
				4F590FF82A0911A800136445 /* SceneDelegates.swift in Sources */,
			);
			runOnlyForDeploymentPostprocessing = 0;
		};
		4F590FD12A09109600136445 /* Sources */ = {
			isa = PBXSourcesBuildPhase;
			buildActionMask = 2147483647;
			files = (
			);
			runOnlyForDeploymentPostprocessing = 0;
		};
		4F590FDB2A09109600136445 /* Sources */ = {
			isa = PBXSourcesBuildPhase;
			buildActionMask = 2147483647;
			files = (
				4F590FE62A09109600136445 /* Stay_FreshUITestsLaunchTests.swift in Sources */,
			);
			runOnlyForDeploymentPostprocessing = 0;
		};
/* End PBXSourcesBuildPhase section */

/* Begin PBXTargetDependency section */
		4F590FD72A09109600136445 /* PBXTargetDependency */ = {
			isa = PBXTargetDependency;
			target = 4F590FC42A09109600136445 /* Stay Fresh */;
			targetProxy = 4F590FD62A09109600136445 /* PBXContainerItemProxy */;
		};
		4F590FE12A09109600136445 /* PBXTargetDependency */ = {
			isa = PBXTargetDependency;
			target = 4F590FC42A09109600136445 /* Stay Fresh */;
			targetProxy = 4F590FE02A09109600136445 /* PBXContainerItemProxy */;
		};
/* End PBXTargetDependency section */

/* Begin XCBuildConfiguration section */
		4F590FE72A09109600136445 /* Debug */ = {
			isa = XCBuildConfiguration;
			buildSettings = {
				ALWAYS_SEARCH_USER_PATHS = NO;
				CLANG_ANALYZER_NONNULL = YES;
				CLANG_ANALYZER_NUMBER_OBJECT_CONVERSION = YES_AGGRESSIVE;
				CLANG_CXX_LANGUAGE_STANDARD = "gnu++20";
				CLANG_ENABLE_MODULES = YES;
				CLANG_ENABLE_OBJC_ARC = YES;
				CLANG_ENABLE_OBJC_WEAK = YES;
				CLANG_WARN_BLOCK_CAPTURE_AUTORELEASING = YES;
				CLANG_WARN_BOOL_CONVERSION = YES;
				CLANG_WARN_COMMA = YES;
				CLANG_WARN_CONSTANT_CONVERSION = YES;
				CLANG_WARN_DEPRECATED_OBJC_IMPLEMENTATIONS = YES;
				CLANG_WARN_DIRECT_OBJC_ISA_USAGE = YES_ERROR;
				CLANG_WARN_DOCUMENTATION_COMMENTS = YES;
				CLANG_WARN_EMPTY_BODY = YES;
				CLANG_WARN_ENUM_CONVERSION = YES;
				CLANG_WARN_INFINITE_RECURSION = YES;
				CLANG_WARN_INT_CONVERSION = YES;
				CLANG_WARN_NON_LITERAL_NULL_CONVERSION = YES;
				CLANG_WARN_OBJC_IMPLICIT_RETAIN_SELF = YES;
				CLANG_WARN_OBJC_LITERAL_CONVERSION = YES;
				CLANG_WARN_OBJC_ROOT_CLASS = YES_ERROR;
				CLANG_WARN_QUOTED_INCLUDE_IN_FRAMEWORK_HEADER = YES;
				CLANG_WARN_RANGE_LOOP_ANALYSIS = YES;
				CLANG_WARN_STRICT_PROTOTYPES = YES;
				CLANG_WARN_SUSPICIOUS_MOVE = YES;
				CLANG_WARN_UNGUARDED_AVAILABILITY = YES_AGGRESSIVE;
				CLANG_WARN_UNREACHABLE_CODE = YES;
				CLANG_WARN__DUPLICATE_METHOD_MATCH = YES;
				COPY_PHASE_STRIP = NO;
				DEBUG_INFORMATION_FORMAT = dwarf;
				ENABLE_STRICT_OBJC_MSGSEND = YES;
				ENABLE_TESTABILITY = YES;
				GCC_C_LANGUAGE_STANDARD = gnu11;
				GCC_DYNAMIC_NO_PIC = NO;
				GCC_NO_COMMON_BLOCKS = YES;
				GCC_OPTIMIZATION_LEVEL = 0;
				GCC_PREPROCESSOR_DEFINITIONS = (
					"DEBUG=1",
					"$(inherited)",
				);
				GCC_WARN_64_TO_32_BIT_CONVERSION = YES;
				GCC_WARN_ABOUT_RETURN_TYPE = YES_ERROR;
				GCC_WARN_UNDECLARED_SELECTOR = YES;
				GCC_WARN_UNINITIALIZED_AUTOS = YES_AGGRESSIVE;
				GCC_WARN_UNUSED_FUNCTION = YES;
				GCC_WARN_UNUSED_VARIABLE = YES;
				IPHONEOS_DEPLOYMENT_TARGET = 16.4;
				MTL_ENABLE_DEBUG_INFO = INCLUDE_SOURCE;
				MTL_FAST_MATH = YES;
				ONLY_ACTIVE_ARCH = YES;
				SDKROOT = iphoneos;
				SWIFT_ACTIVE_COMPILATION_CONDITIONS = DEBUG;
				SWIFT_OPTIMIZATION_LEVEL = "-Onone";
			};
			name = Debug;
		};
		4F590FE82A09109600136445 /* Release */ = {
			isa = XCBuildConfiguration;
			buildSettings = {
				ALWAYS_SEARCH_USER_PATHS = NO;
				CLANG_ANALYZER_NONNULL = YES;
				CLANG_ANALYZER_NUMBER_OBJECT_CONVERSION = YES_AGGRESSIVE;
				CLANG_CXX_LANGUAGE_STANDARD = "gnu++20";
				CLANG_ENABLE_MODULES = YES;
				CLANG_ENABLE_OBJC_ARC = YES;
				CLANG_ENABLE_OBJC_WEAK = YES;
				CLANG_WARN_BLOCK_CAPTURE_AUTORELEASING = YES;
				CLANG_WARN_BOOL_CONVERSION = YES;
				CLANG_WARN_COMMA = YES;
				CLANG_WARN_CONSTANT_CONVERSION = YES;
				CLANG_WARN_DEPRECATED_OBJC_IMPLEMENTATIONS = YES;
				CLANG_WARN_DIRECT_OBJC_ISA_USAGE = YES_ERROR;
				CLANG_WARN_DOCUMENTATION_COMMENTS = YES;
				CLANG_WARN_EMPTY_BODY = YES;
				CLANG_WARN_ENUM_CONVERSION = YES;
				CLANG_WARN_INFINITE_RECURSION = YES;
				CLANG_WARN_INT_CONVERSION = YES;
				CLANG_WARN_NON_LITERAL_NULL_CONVERSION = YES;
				CLANG_WARN_OBJC_IMPLICIT_RETAIN_SELF = YES;
				CLANG_WARN_OBJC_LITERAL_CONVERSION = YES;
				CLANG_WARN_OBJC_ROOT_CLASS = YES_ERROR;
				CLANG_WARN_QUOTED_INCLUDE_IN_FRAMEWORK_HEADER = YES;
				CLANG_WARN_RANGE_LOOP_ANALYSIS = YES;
				CLANG_WARN_STRICT_PROTOTYPES = YES;
				CLANG_WARN_SUSPICIOUS_MOVE = YES;
				CLANG_WARN_UNGUARDED_AVAILABILITY = YES_AGGRESSIVE;
				CLANG_WARN_UNREACHABLE_CODE = YES;
				CLANG_WARN__DUPLICATE_METHOD_MATCH = YES;
				COPY_PHASE_STRIP = NO;
				DEBUG_INFORMATION_FORMAT = "dwarf-with-dsym";
				ENABLE_NS_ASSERTIONS = NO;
				ENABLE_STRICT_OBJC_MSGSEND = YES;
				GCC_C_LANGUAGE_STANDARD = gnu11;
				GCC_NO_COMMON_BLOCKS = YES;
				GCC_WARN_64_TO_32_BIT_CONVERSION = YES;
				GCC_WARN_ABOUT_RETURN_TYPE = YES_ERROR;
				GCC_WARN_UNDECLARED_SELECTOR = YES;
				GCC_WARN_UNINITIALIZED_AUTOS = YES_AGGRESSIVE;
				GCC_WARN_UNUSED_FUNCTION = YES;
				GCC_WARN_UNUSED_VARIABLE = YES;
				IPHONEOS_DEPLOYMENT_TARGET = 16.4;
				MTL_ENABLE_DEBUG_INFO = NO;
				MTL_FAST_MATH = YES;
				SDKROOT = iphoneos;
				SWIFT_COMPILATION_MODE = wholemodule;
				SWIFT_OPTIMIZATION_LEVEL = "-O";
				VALIDATE_PRODUCT = YES;
			};
			name = Release;
		};
		4F590FEA2A09109600136445 /* Debug */ = {
			isa = XCBuildConfiguration;
			buildSettings = {
				ASSETCATALOG_COMPILER_APPICON_NAME = AppIcon;
				ASSETCATALOG_COMPILER_GLOBAL_ACCENT_COLOR_NAME = AccentColor;
				CODE_SIGN_STYLE = Automatic;
				CURRENT_PROJECT_VERSION = 1;
				DEVELOPMENT_ASSET_PATHS = "\"Stay Fresh/Preview Content\"";
				ENABLE_PREVIEWS = YES;
				GENERATE_INFOPLIST_FILE = YES;
				INFOPLIST_KEY_UIApplicationSceneManifest_Generation = YES;
				INFOPLIST_KEY_UIApplicationSupportsIndirectInputEvents = YES;
				INFOPLIST_KEY_UILaunchScreen_Generation = YES;
				INFOPLIST_KEY_UISupportedInterfaceOrientations_iPad = "UIInterfaceOrientationPortrait UIInterfaceOrientationPortraitUpsideDown UIInterfaceOrientationLandscapeLeft UIInterfaceOrientationLandscapeRight";
				INFOPLIST_KEY_UISupportedInterfaceOrientations_iPhone = "UIInterfaceOrientationPortrait UIInterfaceOrientationLandscapeLeft UIInterfaceOrientationLandscapeRight";
				LD_RUNPATH_SEARCH_PATHS = (
					"$(inherited)",
					"@executable_path/Frameworks",
				);
				MARKETING_VERSION = 1.0;
				PRODUCT_BUNDLE_IDENTIFIER = "-23.Stay-Fresh";
				PRODUCT_NAME = "$(TARGET_NAME)";
				SWIFT_EMIT_LOC_STRINGS = YES;
				SWIFT_VERSION = 5.0;
				TARGETED_DEVICE_FAMILY = "1,2";
			};
			name = Debug;
		};
		4F590FEB2A09109600136445 /* Release */ = {
			isa = XCBuildConfiguration;
			buildSettings = {
				ASSETCATALOG_COMPILER_APPICON_NAME = AppIcon;
				ASSETCATALOG_COMPILER_GLOBAL_ACCENT_COLOR_NAME = AccentColor;
				CODE_SIGN_STYLE = Automatic;
				CURRENT_PROJECT_VERSION = 1;
				DEVELOPMENT_ASSET_PATHS = "\"Stay Fresh/Preview Content\"";
				ENABLE_PREVIEWS = YES;
				GENERATE_INFOPLIST_FILE = YES;
				INFOPLIST_KEY_UIApplicationSceneManifest_Generation = YES;
				INFOPLIST_KEY_UIApplicationSupportsIndirectInputEvents = YES;
				INFOPLIST_KEY_UILaunchScreen_Generation = YES;
				INFOPLIST_KEY_UISupportedInterfaceOrientations_iPad = "UIInterfaceOrientationPortrait UIInterfaceOrientationPortraitUpsideDown UIInterfaceOrientationLandscapeLeft UIInterfaceOrientationLandscapeRight";
				INFOPLIST_KEY_UISupportedInterfaceOrientations_iPhone = "UIInterfaceOrientationPortrait UIInterfaceOrientationLandscapeLeft UIInterfaceOrientationLandscapeRight";
				LD_RUNPATH_SEARCH_PATHS = (
					"$(inherited)",
					"@executable_path/Frameworks",
				);
				MARKETING_VERSION = 1.0;
				PRODUCT_BUNDLE_IDENTIFIER = "-23.Stay-Fresh";
				PRODUCT_NAME = "$(TARGET_NAME)";
				SWIFT_EMIT_LOC_STRINGS = YES;
				SWIFT_VERSION = 5.0;
				TARGETED_DEVICE_FAMILY = "1,2";
			};
			name = Release;
		};
		4F590FED2A09109600136445 /* Debug */ = {
			isa = XCBuildConfiguration;
			buildSettings = {
				ALWAYS_EMBED_SWIFT_STANDARD_LIBRARIES = YES;
				BUNDLE_LOADER = "$(TEST_HOST)";
				CODE_SIGN_STYLE = Automatic;
				CURRENT_PROJECT_VERSION = 1;
				GENERATE_INFOPLIST_FILE = YES;
				IPHONEOS_DEPLOYMENT_TARGET = 16.4;
				MARKETING_VERSION = 1.0;
				PRODUCT_BUNDLE_IDENTIFIER = "-23.Stay-FreshTests";
				PRODUCT_NAME = "$(TARGET_NAME)";
				SWIFT_EMIT_LOC_STRINGS = NO;
				SWIFT_VERSION = 5.0;
				TARGETED_DEVICE_FAMILY = "1,2";
				TEST_HOST = "$(BUILT_PRODUCTS_DIR)/Stay Fresh.app/$(BUNDLE_EXECUTABLE_FOLDER_PATH)/Stay Fresh";
			};
			name = Debug;
		};
		4F590FEE2A09109600136445 /* Release */ = {
			isa = XCBuildConfiguration;
			buildSettings = {
				ALWAYS_EMBED_SWIFT_STANDARD_LIBRARIES = YES;
				BUNDLE_LOADER = "$(TEST_HOST)";
				CODE_SIGN_STYLE = Automatic;
				CURRENT_PROJECT_VERSION = 1;
				GENERATE_INFOPLIST_FILE = YES;
				IPHONEOS_DEPLOYMENT_TARGET = 16.4;
				MARKETING_VERSION = 1.0;
				PRODUCT_BUNDLE_IDENTIFIER = "-23.Stay-FreshTests";
				PRODUCT_NAME = "$(TARGET_NAME)";
				SWIFT_EMIT_LOC_STRINGS = NO;
				SWIFT_VERSION = 5.0;
				TARGETED_DEVICE_FAMILY = "1,2";
				TEST_HOST = "$(BUILT_PRODUCTS_DIR)/Stay Fresh.app/$(BUNDLE_EXECUTABLE_FOLDER_PATH)/Stay Fresh";
			};
			name = Release;
		};
		4F590FF02A09109600136445 /* Debug */ = {
			isa = XCBuildConfiguration;
			buildSettings = {
				ALWAYS_EMBED_SWIFT_STANDARD_LIBRARIES = YES;
				CODE_SIGN_STYLE = Automatic;
				CURRENT_PROJECT_VERSION = 1;
				GENERATE_INFOPLIST_FILE = YES;
				MARKETING_VERSION = 1.0;
				PRODUCT_BUNDLE_IDENTIFIER = "-23.Stay-FreshUITests";
				PRODUCT_NAME = "$(TARGET_NAME)";
				SWIFT_EMIT_LOC_STRINGS = NO;
				SWIFT_VERSION = 5.0;
				TARGETED_DEVICE_FAMILY = "1,2";
				TEST_TARGET_NAME = "Stay Fresh";
			};
			name = Debug;
		};
		4F590FF12A09109600136445 /* Release */ = {
			isa = XCBuildConfiguration;
			buildSettings = {
				ALWAYS_EMBED_SWIFT_STANDARD_LIBRARIES = YES;
				CODE_SIGN_STYLE = Automatic;
				CURRENT_PROJECT_VERSION = 1;
				GENERATE_INFOPLIST_FILE = YES;
				MARKETING_VERSION = 1.0;
				PRODUCT_BUNDLE_IDENTIFIER = "-23.Stay-FreshUITests";
				PRODUCT_NAME = "$(TARGET_NAME)";
				SWIFT_EMIT_LOC_STRINGS = NO;
				SWIFT_VERSION = 5.0;
				TARGETED_DEVICE_FAMILY = "1,2";
				TEST_TARGET_NAME = "Stay Fresh";
			};
			name = Release;
		};
/* End XCBuildConfiguration section */

/* Begin XCConfigurationList section */
		4F590FC02A09109600136445 /* Build configuration list for PBXProject "Stay Fresh" */ = {
			isa = XCConfigurationList;
			buildConfigurations = (
				4F590FE72A09109600136445 /* Debug */,
				4F590FE82A09109600136445 /* Release */,
			);
			defaultConfigurationIsVisible = 0;
			defaultConfigurationName = Release;
		};
		4F590FE92A09109600136445 /* Build configuration list for PBXNativeTarget "Stay Fresh" */ = {
			isa = XCConfigurationList;
			buildConfigurations = (
				4F590FEA2A09109600136445 /* Debug */,
				4F590FEB2A09109600136445 /* Release */,
			);
			defaultConfigurationIsVisible = 0;
			defaultConfigurationName = Release;
		};
		4F590FEC2A09109600136445 /* Build configuration list for PBXNativeTarget "Stay FreshTests" */ = {
			isa = XCConfigurationList;
			buildConfigurations = (
				4F590FED2A09109600136445 /* Debug */,
				4F590FEE2A09109600136445 /* Release */,
			);
			defaultConfigurationIsVisible = 0;
			defaultConfigurationName = Release;
		};
		4F590FEF2A09109600136445 /* Build configuration list for PBXNativeTarget "Stay FreshUITests" */ = {
			isa = XCConfigurationList;
			buildConfigurations = (
				4F590FF02A09109600136445 /* Debug */,
				4F590FF12A09109600136445 /* Release */,
			);
			defaultConfigurationIsVisible = 0;
			defaultConfigurationName = Release;
		};
/* End XCConfigurationList section */
	};
	rootObject = 4F590FBD2A09109600136445 /* Project object */;
}
